
Microsoft Visual Studio Solution File, Format Version 12.00
# Visual Studio Version 17
VisualStudioVersion = 17.1.32407.343
MinimumVisualStudioVersion = 10.0.40219.1
Project("{9A19103F-16F7-4668-BE54-9A1E7A4F7556}") = "FirstWebCore", "FirstWebCore\FirstWebCore.csproj", "{104ADEF4-3026-4882-930E-4A4560FD916F}"
EndProject
Global
	GlobalSection(SolutionConfigurationPlatforms) = preSolution
		Debug|Any CPU = Debug|Any CPU
		Release|Any CPU = Release|Any CPU
	EndGlobalSection
	GlobalSection(ProjectConfigurationPlatforms) = postSolution
		{104ADEF4-3026-4882-930E-4A4560FD916F}.Debug|Any CPU.ActiveCfg = Debug|Any CPU
		{104ADEF4-3026-4882-930E-4A4560FD916F}.Debug|Any CPU.Build.0 = Debug|Any CPU
		{104ADEF4-3026-4882-930E-4A4560FD916F}.Release|Any CPU.ActiveCfg = Release|Any CPU
		{104ADEF4-3026-4882-930E-4A4560FD916F}.Release|Any CPU.Build.0 = Release|Any CPU
	EndGlobalSection
	GlobalSection(SolutionProperties) = preSolution
		HideSolutionNode = FALSE
	EndGlobalSection
	GlobalSection(ExtensibilityGlobals) = postSolution
		SolutionGuid = {F3DECD05-F797-4117-B5D2-F7061115F122}
	EndGlobalSection
EndGlobal
